
Microsoft Visual Studio Solution File, Format Version 12.00
# Visual Studio Version 16
VisualStudioVersion = 16.6.30114.105
MinimumVisualStudioVersion = 10.0.40219.1
Project("{2150E333-8FDC-42A3-9474-1A3956D46DE8}") = "domain", "domain", "{43B3693B-95D8-4A33-9F71-D2F0805CF9B1}"
EndProject
Project("{9A19103F-16F7-4668-BE54-9A1E7A4F7556}") = "Beadwork", "domain\Beadwork\Beadwork.csproj", "{78B15C5C-6B66-44BB-AA93-B54B372C6DF9}"
EndProject
Project("{2150E333-8FDC-42A3-9474-1A3956D46DE8}") = "infrastructure", "infrastructure", "{55842366-DA62-4F3B-A30B-0F78ECDFA87D}"
EndProject
Project("{9A19103F-16F7-4668-BE54-9A1E7A4F7556}") = "Beadwork.Memory", "infrastructure\BeadworkMemory\Beadwork.Memory.csproj", "{463AD44A-A8C2-4F96-B913-D279FF199123}"
EndProject
Project("{2150E333-8FDC-42A3-9474-1A3956D46DE8}") = "presentation", "presentation", "{651CCC3D-1BE8-4546-B32E-2EB9AD4477CB}"
EndProject
Project("{9A19103F-16F7-4668-BE54-9A1E7A4F7556}") = "Beadwork.Tests", "Beadwork.Tests\Beadwork.Tests.csproj", "{87214E3F-143C-4D96-BE47-3D66A1B6FE9A}"
EndProject
Project("{9A19103F-16F7-4668-BE54-9A1E7A4F7556}") = "Beadwork.Web", "presentation\Beadwork.Web\Beadwork.Web.csproj", "{8BCE3484-07AD-4421-BDBD-A72926D3CA87}"
EndProject
Project("{FAE04EC0-301F-11D3-BF4B-00C04F79EFBC}") = "Beadwork.Web.Contractors", "Beadwork.Web.Contractors\Beadwork.Web.Contractors.csproj", "{C1B1597D-B36D-40CF-B4B8-860945023F28}"
EndProject
Project("{2150E333-8FDC-42A3-9474-1A3956D46DE8}") = "plugins", "plugins", "{503803FF-00A7-4EBA-AB91-1F4786991BEC}"
EndProject
Project("{FAE04EC0-301F-11D3-BF4B-00C04F79EFBC}") = "Beadwork.Privat", "plugins\Beadwork.Privat\Beadwork.Privat.csproj", "{FA1C8F8B-3865-4AB5-AFB9-E19C2DAC123F}"
EndProject
Project("{2150E333-8FDC-42A3-9474-1A3956D46DE8}") = "application", "application", "{1948AA76-451B-4563-BE2F-9433B045F1F2}"
EndProject
Project("{FAE04EC0-301F-11D3-BF4B-00C04F79EFBC}") = "Beadwork.Web.App", "application\Beadwork.Web.App\Beadwork.Web.App.csproj", "{9F0790AF-409D-46FF-A154-783AA41E559E}"
EndProject
Global
	GlobalSection(SolutionConfigurationPlatforms) = preSolution
		Debug|Any CPU = Debug|Any CPU
		Debug|x64 = Debug|x64
		Debug|x86 = Debug|x86
		Release|Any CPU = Release|Any CPU
		Release|x64 = Release|x64
		Release|x86 = Release|x86
	EndGlobalSection
	GlobalSection(ProjectConfigurationPlatforms) = postSolution
		{78B15C5C-6B66-44BB-AA93-B54B372C6DF9}.Debug|Any CPU.ActiveCfg = Debug|Any CPU
		{78B15C5C-6B66-44BB-AA93-B54B372C6DF9}.Debug|Any CPU.Build.0 = Debug|Any CPU
		{78B15C5C-6B66-44BB-AA93-B54B372C6DF9}.Debug|x64.ActiveCfg = Debug|Any CPU
		{78B15C5C-6B66-44BB-AA93-B54B372C6DF9}.Debug|x64.Build.0 = Debug|Any CPU
		{78B15C5C-6B66-44BB-AA93-B54B372C6DF9}.Debug|x86.ActiveCfg = Debug|Any CPU
		{78B15C5C-6B66-44BB-AA93-B54B372C6DF9}.Debug|x86.Build.0 = Debug|Any CPU
		{78B15C5C-6B66-44BB-AA93-B54B372C6DF9}.Release|Any CPU.ActiveCfg = Release|Any CPU
		{78B15C5C-6B66-44BB-AA93-B54B372C6DF9}.Release|Any CPU.Build.0 = Release|Any CPU
		{78B15C5C-6B66-44BB-AA93-B54B372C6DF9}.Release|x64.ActiveCfg = Release|Any CPU
		{78B15C5C-6B66-44BB-AA93-B54B372C6DF9}.Release|x64.Build.0 = Release|Any CPU
		{78B15C5C-6B66-44BB-AA93-B54B372C6DF9}.Release|x86.ActiveCfg = Release|Any CPU
		{78B15C5C-6B66-44BB-AA93-B54B372C6DF9}.Release|x86.Build.0 = Release|Any CPU
		{463AD44A-A8C2-4F96-B913-D279FF199123}.Debug|Any CPU.ActiveCfg = Debug|Any CPU
		{463AD44A-A8C2-4F96-B913-D279FF199123}.Debug|Any CPU.Build.0 = Debug|Any CPU
		{463AD44A-A8C2-4F96-B913-D279FF199123}.Debug|x64.ActiveCfg = Debug|Any CPU
		{463AD44A-A8C2-4F96-B913-D279FF199123}.Debug|x64.Build.0 = Debug|Any CPU
		{463AD44A-A8C2-4F96-B913-D279FF199123}.Debug|x86.ActiveCfg = Debug|Any CPU
		{463AD44A-A8C2-4F96-B913-D279FF199123}.Debug|x86.Build.0 = Debug|Any CPU
		{463AD44A-A8C2-4F96-B913-D279FF199123}.Release|Any CPU.ActiveCfg = Release|Any CPU
		{463AD44A-A8C2-4F96-B913-D279FF199123}.Release|Any CPU.Build.0 = Release|Any CPU
		{463AD44A-A8C2-4F96-B913-D279FF199123}.Release|x64.ActiveCfg = Release|Any CPU
		{463AD44A-A8C2-4F96-B913-D279FF199123}.Release|x64.Build.0 = Release|Any CPU
		{463AD44A-A8C2-4F96-B913-D279FF199123}.Release|x86.ActiveCfg = Release|Any CPU
		{463AD44A-A8C2-4F96-B913-D279FF199123}.Release|x86.Build.0 = Release|Any CPU
		{87214E3F-143C-4D96-BE47-3D66A1B6FE9A}.Debug|Any CPU.ActiveCfg = Debug|Any CPU
		{87214E3F-143C-4D96-BE47-3D66A1B6FE9A}.Debug|Any CPU.Build.0 = Debug|Any CPU
		{87214E3F-143C-4D96-BE47-3D66A1B6FE9A}.Debug|x64.ActiveCfg = Debug|Any CPU
		{87214E3F-143C-4D96-BE47-3D66A1B6FE9A}.Debug|x64.Build.0 = Debug|Any CPU
		{87214E3F-143C-4D96-BE47-3D66A1B6FE9A}.Debug|x86.ActiveCfg = Debug|Any CPU
		{87214E3F-143C-4D96-BE47-3D66A1B6FE9A}.Debug|x86.Build.0 = Debug|Any CPU
		{87214E3F-143C-4D96-BE47-3D66A1B6FE9A}.Release|Any CPU.ActiveCfg = Release|Any CPU
		{87214E3F-143C-4D96-BE47-3D66A1B6FE9A}.Release|Any CPU.Build.0 = Release|Any CPU
		{87214E3F-143C-4D96-BE47-3D66A1B6FE9A}.Release|x64.ActiveCfg = Release|Any CPU
		{87214E3F-143C-4D96-BE47-3D66A1B6FE9A}.Release|x64.Build.0 = Release|Any CPU
		{87214E3F-143C-4D96-BE47-3D66A1B6FE9A}.Release|x86.ActiveCfg = Release|Any CPU
		{87214E3F-143C-4D96-BE47-3D66A1B6FE9A}.Release|x86.Build.0 = Release|Any CPU
		{8BCE3484-07AD-4421-BDBD-A72926D3CA87}.Debug|Any CPU.ActiveCfg = Debug|Any CPU
		{8BCE3484-07AD-4421-BDBD-A72926D3CA87}.Debug|Any CPU.Build.0 = Debug|Any CPU
		{8BCE3484-07AD-4421-BDBD-A72926D3CA87}.Debug|x64.ActiveCfg = Debug|Any CPU
		{8BCE3484-07AD-4421-BDBD-A72926D3CA87}.Debug|x64.Build.0 = Debug|Any CPU
		{8BCE3484-07AD-4421-BDBD-A72926D3CA87}.Debug|x86.ActiveCfg = Debug|Any CPU
		{8BCE3484-07AD-4421-BDBD-A72926D3CA87}.Debug|x86.Build.0 = Debug|Any CPU
		{8BCE3484-07AD-4421-BDBD-A72926D3CA87}.Release|Any CPU.ActiveCfg = Release|Any CPU
		{8BCE3484-07AD-4421-BDBD-A72926D3CA87}.Release|Any CPU.Build.0 = Release|Any CPU
		{8BCE3484-07AD-4421-BDBD-A72926D3CA87}.Release|x64.ActiveCfg = Release|Any CPU
		{8BCE3484-07AD-4421-BDBD-A72926D3CA87}.Release|x64.Build.0 = Release|Any CPU
		{8BCE3484-07AD-4421-BDBD-A72926D3CA87}.Release|x86.ActiveCfg = Release|Any CPU
		{8BCE3484-07AD-4421-BDBD-A72926D3CA87}.Release|x86.Build.0 = Release|Any CPU
		{C1B1597D-B36D-40CF-B4B8-860945023F28}.Debug|Any CPU.ActiveCfg = Debug|Any CPU
		{C1B1597D-B36D-40CF-B4B8-860945023F28}.Debug|Any CPU.Build.0 = Debug|Any CPU
		{C1B1597D-B36D-40CF-B4B8-860945023F28}.Debug|x64.ActiveCfg = Debug|Any CPU
		{C1B1597D-B36D-40CF-B4B8-860945023F28}.Debug|x64.Build.0 = Debug|Any CPU
		{C1B1597D-B36D-40CF-B4B8-860945023F28}.Debug|x86.ActiveCfg = Debug|Any CPU
		{C1B1597D-B36D-40CF-B4B8-860945023F28}.Debug|x86.Build.0 = Debug|Any CPU
		{C1B1597D-B36D-40CF-B4B8-860945023F28}.Release|Any CPU.ActiveCfg = Release|Any CPU
		{C1B1597D-B36D-40CF-B4B8-860945023F28}.Release|Any CPU.Build.0 = Release|Any CPU
		{C1B1597D-B36D-40CF-B4B8-860945023F28}.Release|x64.ActiveCfg = Release|Any CPU
		{C1B1597D-B36D-40CF-B4B8-860945023F28}.Release|x64.Build.0 = Release|Any CPU
		{C1B1597D-B36D-40CF-B4B8-860945023F28}.Release|x86.ActiveCfg = Release|Any CPU
		{C1B1597D-B36D-40CF-B4B8-860945023F28}.Release|x86.Build.0 = Release|Any CPU
		{FA1C8F8B-3865-4AB5-AFB9-E19C2DAC123F}.Debug|Any CPU.ActiveCfg = Debug|Any CPU
		{FA1C8F8B-3865-4AB5-AFB9-E19C2DAC123F}.Debug|Any CPU.Build.0 = Debug|Any CPU
		{FA1C8F8B-3865-4AB5-AFB9-E19C2DAC123F}.Debug|x64.ActiveCfg = Debug|Any CPU
		{FA1C8F8B-3865-4AB5-AFB9-E19C2DAC123F}.Debug|x64.Build.0 = Debug|Any CPU
		{FA1C8F8B-3865-4AB5-AFB9-E19C2DAC123F}.Debug|x86.ActiveCfg = Debug|Any CPU
		{FA1C8F8B-3865-4AB5-AFB9-E19C2DAC123F}.Debug|x86.Build.0 = Debug|Any CPU
		{FA1C8F8B-3865-4AB5-AFB9-E19C2DAC123F}.Release|Any CPU.ActiveCfg = Release|Any CPU
		{FA1C8F8B-3865-4AB5-AFB9-E19C2DAC123F}.Release|Any CPU.Build.0 = Release|Any CPU
		{FA1C8F8B-3865-4AB5-AFB9-E19C2DAC123F}.Release|x64.ActiveCfg = Release|Any CPU
		{FA1C8F8B-3865-4AB5-AFB9-E19C2DAC123F}.Release|x64.Build.0 = Release|Any CPU
		{FA1C8F8B-3865-4AB5-AFB9-E19C2DAC123F}.Release|x86.ActiveCfg = Release|Any CPU
		{FA1C8F8B-3865-4AB5-AFB9-E19C2DAC123F}.Release|x86.Build.0 = Release|Any CPU
		{9F0790AF-409D-46FF-A154-783AA41E559E}.Debug|Any CPU.ActiveCfg = Debug|Any CPU
		{9F0790AF-409D-46FF-A154-783AA41E559E}.Debug|Any CPU.Build.0 = Debug|Any CPU
		{9F0790AF-409D-46FF-A154-783AA41E559E}.Debug|x64.ActiveCfg = Debug|Any CPU
		{9F0790AF-409D-46FF-A154-783AA41E559E}.Debug|x64.Build.0 = Debug|Any CPU
		{9F0790AF-409D-46FF-A154-783AA41E559E}.Debug|x86.ActiveCfg = Debug|Any CPU
		{9F0790AF-409D-46FF-A154-783AA41E559E}.Debug|x86.Build.0 = Debug|Any CPU
		{9F0790AF-409D-46FF-A154-783AA41E559E}.Release|Any CPU.ActiveCfg = Release|Any CPU
		{9F0790AF-409D-46FF-A154-783AA41E559E}.Release|Any CPU.Build.0 = Release|Any CPU
		{9F0790AF-409D-46FF-A154-783AA41E559E}.Release|x64.ActiveCfg = Release|Any CPU
		{9F0790AF-409D-46FF-A154-783AA41E559E}.Release|x64.Build.0 = Release|Any CPU
		{9F0790AF-409D-46FF-A154-783AA41E559E}.Release|x86.ActiveCfg = Release|Any CPU
		{9F0790AF-409D-46FF-A154-783AA41E559E}.Release|x86.Build.0 = Release|Any CPU
	EndGlobalSection
	GlobalSection(SolutionProperties) = preSolution
		HideSolutionNode = FALSE
	EndGlobalSection
	GlobalSection(NestedProjects) = preSolution
		{78B15C5C-6B66-44BB-AA93-B54B372C6DF9} = {43B3693B-95D8-4A33-9F71-D2F0805CF9B1}
		{463AD44A-A8C2-4F96-B913-D279FF199123} = {55842366-DA62-4F3B-A30B-0F78ECDFA87D}
		{87214E3F-143C-4D96-BE47-3D66A1B6FE9A} = {43B3693B-95D8-4A33-9F71-D2F0805CF9B1}
		{8BCE3484-07AD-4421-BDBD-A72926D3CA87} = {651CCC3D-1BE8-4546-B32E-2EB9AD4477CB}
		{C1B1597D-B36D-40CF-B4B8-860945023F28} = {651CCC3D-1BE8-4546-B32E-2EB9AD4477CB}
		{FA1C8F8B-3865-4AB5-AFB9-E19C2DAC123F} = {503803FF-00A7-4EBA-AB91-1F4786991BEC}
		{9F0790AF-409D-46FF-A154-783AA41E559E} = {1948AA76-451B-4563-BE2F-9433B045F1F2}
	EndGlobalSection
	GlobalSection(ExtensibilityGlobals) = postSolution
		SolutionGuid = {DC42FE36-371F-4661-B5C1-4CD3C3912D60}
	EndGlobalSection
EndGlobal
