
Microsoft Visual Studio Solution File, Format Version 12.00
# Visual Studio Version 16
VisualStudioVersion = 16.6.30114.105
MinimumVisualStudioVersion = 10.0.40219.1
Project("{2150E333-8FDC-42A3-9474-1A3956D46DE8}") = "domain", "domain", "{43B3693B-95D8-4A33-9F71-D2F0805CF9B1}"
EndProject
Project("{9A19103F-16F7-4668-BE54-9A1E7A4F7556}") = "Beadwork", "domain\Beadwork\Beadwork.csproj", "{78B15C5C-6B66-44BB-AA93-B54B372C6DF9}"
EndProject
Project("{2150E333-8FDC-42A3-9474-1A3956D46DE8}") = "infrastructure", "infrastructure", "{55842366-DA62-4F3B-A30B-0F78ECDFA87D}"
EndProject
Project("{FAE04EC0-301F-11D3-BF4B-00C04F79EFBC}") = "BeadworkMemory", "infrastructure\BeadworkMemory\BeadworkMemory.csproj", "{463AD44A-A8C2-4F96-B913-D279FF199123}"
EndProject
Global
	GlobalSection(SolutionConfigurationPlatforms) = preSolution
		Debug|Any CPU = Debug|Any CPU
		Debug|x64 = Debug|x64
		Debug|x86 = Debug|x86
		Release|Any CPU = Release|Any CPU
		Release|x64 = Release|x64
		Release|x86 = Release|x86
	EndGlobalSection
	GlobalSection(ProjectConfigurationPlatforms) = postSolution
		{78B15C5C-6B66-44BB-AA93-B54B372C6DF9}.Debug|Any CPU.ActiveCfg = Debug|Any CPU
		{78B15C5C-6B66-44BB-AA93-B54B372C6DF9}.Debug|Any CPU.Build.0 = Debug|Any CPU
		{78B15C5C-6B66-44BB-AA93-B54B372C6DF9}.Debug|x64.ActiveCfg = Debug|Any CPU
		{78B15C5C-6B66-44BB-AA93-B54B372C6DF9}.Debug|x64.Build.0 = Debug|Any CPU
		{78B15C5C-6B66-44BB-AA93-B54B372C6DF9}.Debug|x86.ActiveCfg = Debug|Any CPU
		{78B15C5C-6B66-44BB-AA93-B54B372C6DF9}.Debug|x86.Build.0 = Debug|Any CPU
		{78B15C5C-6B66-44BB-AA93-B54B372C6DF9}.Release|Any CPU.ActiveCfg = Release|Any CPU
		{78B15C5C-6B66-44BB-AA93-B54B372C6DF9}.Release|Any CPU.Build.0 = Release|Any CPU
		{78B15C5C-6B66-44BB-AA93-B54B372C6DF9}.Release|x64.ActiveCfg = Release|Any CPU
		{78B15C5C-6B66-44BB-AA93-B54B372C6DF9}.Release|x64.Build.0 = Release|Any CPU
		{78B15C5C-6B66-44BB-AA93-B54B372C6DF9}.Release|x86.ActiveCfg = Release|Any CPU
		{78B15C5C-6B66-44BB-AA93-B54B372C6DF9}.Release|x86.Build.0 = Release|Any CPU
		{463AD44A-A8C2-4F96-B913-D279FF199123}.Debug|Any CPU.ActiveCfg = Debug|Any CPU
		{463AD44A-A8C2-4F96-B913-D279FF199123}.Debug|Any CPU.Build.0 = Debug|Any CPU
		{463AD44A-A8C2-4F96-B913-D279FF199123}.Debug|x64.ActiveCfg = Debug|Any CPU
		{463AD44A-A8C2-4F96-B913-D279FF199123}.Debug|x64.Build.0 = Debug|Any CPU
		{463AD44A-A8C2-4F96-B913-D279FF199123}.Debug|x86.ActiveCfg = Debug|Any CPU
		{463AD44A-A8C2-4F96-B913-D279FF199123}.Debug|x86.Build.0 = Debug|Any CPU
		{463AD44A-A8C2-4F96-B913-D279FF199123}.Release|Any CPU.ActiveCfg = Release|Any CPU
		{463AD44A-A8C2-4F96-B913-D279FF199123}.Release|Any CPU.Build.0 = Release|Any CPU
		{463AD44A-A8C2-4F96-B913-D279FF199123}.Release|x64.ActiveCfg = Release|Any CPU
		{463AD44A-A8C2-4F96-B913-D279FF199123}.Release|x64.Build.0 = Release|Any CPU
		{463AD44A-A8C2-4F96-B913-D279FF199123}.Release|x86.ActiveCfg = Release|Any CPU
		{463AD44A-A8C2-4F96-B913-D279FF199123}.Release|x86.Build.0 = Release|Any CPU
	EndGlobalSection
	GlobalSection(SolutionProperties) = preSolution
		HideSolutionNode = FALSE
	EndGlobalSection
	GlobalSection(NestedProjects) = preSolution
		{78B15C5C-6B66-44BB-AA93-B54B372C6DF9} = {43B3693B-95D8-4A33-9F71-D2F0805CF9B1}
		{463AD44A-A8C2-4F96-B913-D279FF199123} = {55842366-DA62-4F3B-A30B-0F78ECDFA87D}
	EndGlobalSection
	GlobalSection(ExtensibilityGlobals) = postSolution
		SolutionGuid = {DC42FE36-371F-4661-B5C1-4CD3C3912D60}
	EndGlobalSection
EndGlobal
